{
  "version": 4,
  "terraform_version": "1.5.1",
  "serial": 54,
  "lineage": "21a01a12-646d-246b-529d-081de23f4756",
  "outputs": {},
  "resources": [
    {
      "mode": "managed",
      "type": "google_compute_network",
      "name": "vpc_network",
      "provider": "provider[\"registry.terraform.io/hashicorp/google\"]",
      "instances": [
        {
          "schema_version": 0,
          "attributes": {
            "auto_create_subnetworks": false,
            "delete_default_routes_on_create": false,
            "description": "",
            "enable_ula_internal_ipv6": false,
            "gateway_ipv4": "",
            "id": "projects/ducpham-gcp-practice/global/networks/ducpham-gcp-practice-vpc-network",
            "internal_ipv6_range": "",
            "mtu": 0,
            "name": "ducpham-gcp-practice-vpc-network",
            "network_firewall_policy_enforcement_order": "AFTER_CLASSIC_FIREWALL",
            "project": "ducpham-gcp-practice",
            "routing_mode": "REGIONAL",
            "self_link": "https://www.googleapis.com/compute/v1/projects/ducpham-gcp-practice/global/networks/ducpham-gcp-practice-vpc-network",
            "timeouts": null
          },
          "sensitive_attributes": [],
          "private": "eyJlMmJmYjczMC1lY2FhLTExZTYtOGY4OC0zNDM2M2JjN2M0YzAiOnsiY3JlYXRlIjoxMjAwMDAwMDAwMDAwLCJkZWxldGUiOjEyMDAwMDAwMDAwMDAsInVwZGF0ZSI6MTIwMDAwMDAwMDAwMH19"
        }
      ]
    },
    {
      "mode": "managed",
      "type": "google_compute_subnetwork",
      "name": "subnet_network-1",
      "provider": "provider[\"registry.terraform.io/hashicorp/google\"]",
      "instances": [
        {
          "schema_version": 0,
          "attributes": {
            "creation_timestamp": "2023-07-06T23:15:45.778-07:00",
            "description": "",
            "external_ipv6_prefix": "",
            "fingerprint": null,
            "gateway_address": "10.0.0.1",
            "id": "projects/ducpham-gcp-practice/regions/us-west1/subnetworks/ducpham-gcp-practice-subnet-network-us-west1-1",
            "ip_cidr_range": "10.0.0.0/28",
            "ipv6_access_type": "",
            "ipv6_cidr_range": "",
            "log_config": [],
            "name": "ducpham-gcp-practice-subnet-network-us-west1-1",
            "network": "https://www.googleapis.com/compute/v1/projects/ducpham-gcp-practice/global/networks/ducpham-gcp-practice-vpc-network",
            "private_ip_google_access": false,
            "private_ipv6_google_access": "DISABLE_GOOGLE_ACCESS",
            "project": "ducpham-gcp-practice",
            "purpose": "PRIVATE",
            "region": "us-west1",
            "role": "",
            "secondary_ip_range": [],
            "self_link": "https://www.googleapis.com/compute/v1/projects/ducpham-gcp-practice/regions/us-west1/subnetworks/ducpham-gcp-practice-subnet-network-us-west1-1",
            "stack_type": "IPV4_ONLY",
            "timeouts": null
          },
          "sensitive_attributes": [],
          "private": "eyJlMmJmYjczMC1lY2FhLTExZTYtOGY4OC0zNDM2M2JjN2M0YzAiOnsiY3JlYXRlIjoxMjAwMDAwMDAwMDAwLCJkZWxldGUiOjEyMDAwMDAwMDAwMDAsInVwZGF0ZSI6MTIwMDAwMDAwMDAwMH19",
          "dependencies": [
            "google_compute_network.vpc_network"
          ]
        }
      ]
    },
    {
      "module": "module.microservice_staging",
      "mode": "managed",
      "type": "google_container_cluster",
      "name": "primary",
      "provider": "provider[\"registry.terraform.io/hashicorp/google\"]",
      "instances": [
        {
          "schema_version": 1,
          "attributes": {
            "addons_config": [
              {
                "cloudrun_config": [],
                "config_connector_config": [],
                "dns_cache_config": [],
                "gce_persistent_disk_csi_driver_config": [
                  {
                    "enabled": true
                  }
                ],
                "gcp_filestore_csi_driver_config": [],
                "gke_backup_agent_config": [],
                "horizontal_pod_autoscaling": [],
                "http_load_balancing": [],
                "network_policy_config": [
                  {
                    "disabled": true
                  }
                ]
              }
            ],
            "authenticator_groups_config": [],
            "binary_authorization": [
              {
                "enabled": false,
                "evaluation_mode": ""
              }
            ],
            "cluster_autoscaling": [
              {
                "auto_provisioning_defaults": [],
                "enabled": false,
                "resource_limits": []
              }
            ],
            "cluster_ipv4_cidr": "10.164.0.0/14",
            "confidential_nodes": [],
            "cost_management_config": [],
            "database_encryption": [
              {
                "key_name": "",
                "state": "DECRYPTED"
              }
            ],
            "datapath_provider": "",
            "default_max_pods_per_node": null,
            "default_snat_status": [
              {
                "disabled": false
              }
            ],
            "description": "",
            "dns_config": [],
            "enable_autopilot": false,
            "enable_binary_authorization": false,
            "enable_intranode_visibility": false,
            "enable_kubernetes_alpha": false,
            "enable_l4_ilb_subsetting": false,
            "enable_legacy_abac": false,
            "enable_shielded_nodes": true,
            "enable_tpu": false,
            "endpoint": "34.127.124.186",
            "gateway_api_config": [],
            "id": "projects/ducpham-gcp-practice/locations/us-west1-a/clusters/ducpham-gke-cluster",
            "initial_node_count": 1,
            "ip_allocation_policy": [],
            "label_fingerprint": "a9dc16a7",
            "location": "us-west1-a",
            "logging_config": [
              {
                "enable_components": [
                  "SYSTEM_COMPONENTS",
                  "WORKLOADS"
                ]
              }
            ],
            "logging_service": "logging.googleapis.com/kubernetes",
            "maintenance_policy": [],
            "master_auth": [
              {
                "client_certificate": "",
                "client_certificate_config": [
                  {
                    "issue_client_certificate": false
                  }
                ],
                "client_key": "",
                "cluster_ca_certificate": "LS0tLS1CRUdJTiBDRVJUSUZJQ0FURS0tLS0tCk1JSUVMRENDQXBTZ0F3SUJBZ0lRSjVvZXU0ZUV5d09UYnVRclY5NDI4VEFOQmdrcWhraUc5dzBCQVFzRkFEQXYKTVMwd0t3WURWUVFERXlRek5EVTJPVEppTWkxbU1UTmpMVFF3WkdZdFlUZ3dZaTFoTVdFMk16QmlORGhoWmpVdwpJQmNOTWpNd056QTNNRFV4T0RVd1doZ1BNakExTXpBMk1qa3dOakU0TlRCYU1DOHhMVEFyQmdOVkJBTVRKRE0wCk5UWTVNbUl5TFdZeE0yTXROREJrWmkxaE9EQmlMV0V4WVRZek1HSTBPR0ZtTlRDQ0FhSXdEUVlKS29aSWh2Y04KQVFFQkJRQURnZ0dQQURDQ0FZb0NnZ0dCQUpKWW91QjFmSURuWkUrNmkxVXJyNjRtZ2RLU243SUIwVEJCSyt2bAoxbW5YUVFrTFBOdkR3OTZIUWJmTXd4RmF1bVFKa0dkU3ZDRkJEU0NRYjJTMm1TdFZIRDQ5RC92OXBza2lqNlhRCk44eFNpRjNmaGFFbkZBVGF2S2VlSkErVkxNMk0yaDEwWHhBQ2phWlBkUlptMGovRnBWeTNIQXlXcnJ5aHRRNWYKbXYrUSs1SlAwbU11TGo4ZXF2bS83ZDhUbEtsckM1MjhEOEFnelVFSm1MbGpoLzRwdHBFWW1XVDBmcWhPaitDMApodHA5d1dETUJnZzFmOFA1aS80QXU4MXRRZHE0WWJPemdRSGF2K0JJVlQ3eFN5K2wyRHdkdXplL1FCdEtJUStsCmowaGtreWR1TmZ6VFlhRFZZRmhlSGRWamdPdEtYblZlTmRsNHJZVjNWdDJSMzFwMmswV0RHcXFxYVRDdTRxYUEKVnFVejV4TCtsaEJhM3lsaVQxNzZOU3laTzc3Q2VVWDZPUjdMTXkzR1R3WDhsWlZYZmpiRzR0THZDdmhteDNEbgpHK212cjIzVWhoWTVaaERWem1FeVJjSG5KMFdUUnhOdmxHRGRnLzRya3J1YW1jRHdHTnJSd3V5RDZ4cEgwdFlZCnpzOXg3ZzBVaDZONjgrUHdlUS9tKzRkbE53SURBUUFCbzBJd1FEQU9CZ05WSFE4QkFmOEVCQU1DQWdRd0R3WUQKVlIwVEFRSC9CQVV3QXdFQi96QWRCZ05WSFE0RUZnUVVTVUlWSWFBcUhMd0ZJK1NuNGY0eUZiejh1emt3RFFZSgpLb1pJaHZjTkFRRUxCUUFEZ2dHQkFGbjFmYUkvcTBnVUUzaXpaNHF1TWhrL1BKT29NdkpjR0s1YmdFVjN1QW4xClpkcmhkRXlpajFPN3RSRVdlNzNVTncrd0hjQkZDTFRYcFNZWXBoa01aTXE4SVN0d2wzY3dFYnRTbEJSZ2szQ3kKWjNQS0crYnZOS0pLdDJzQjJSR3ViMEt6elZFU3g1Z1U0M0JmajVKMUVQTEt5SE5Cdyt6a0NuQTY0WkROb2ZXLwppUlA0WWtNa0NpQ2R5V0RpK2dCWHBiaVNLUDVNb2JuMTJwNXlpWDQvN3JGNS9WWFVRUEFRcVhPa3h4eW1jTVNaCmUvN2dyeEcrT0Mzdks1K2NRNWxqbEFoKzJtMk1mbHVhQVNJdGFTUU5ob2phYlhQc090UlYzQVU5dW1sZFpXVzAKVUgxSjVXdTNIUm02TysveElBTWJnTVFLNzJCTFpLUHBqZnNXTTd6VDBPWWRzZzZkYktCZytjakxqUFhuYVdwZQpPSGd0NzFIbEUzdEM5ditFbll4WWJlUFlvQXpuc0tKTlhqbVFTZnJiSks3bUJhWWNHd3RVdUM2UytoeWsybjZUCkZOdnZHVFVidXpsM042eW9LdmVwbG5PTjUvQWtUSnk2QkNVYldOWTlGNmtZR002TmtiVW0ySEpsdnRudjRrK3gKMDdhNzdYTEJYcUJJUW9CZVBlTTZDUT09Ci0tLS0tRU5EIENFUlRJRklDQVRFLS0tLS0K"
              }
            ],
            "master_authorized_networks_config": [],
            "master_version": "1.26.5-gke.1200",
            "mesh_certificates": [],
            "min_master_version": null,
            "monitoring_config": [
              {
                "enable_components": [
                  "SYSTEM_COMPONENTS"
                ],
                "managed_prometheus": []
              }
            ],
            "monitoring_service": "monitoring.googleapis.com/kubernetes",
            "name": "ducpham-gke-cluster",
            "network": "projects/ducpham-gcp-practice/global/networks/ducpham-gcp-practice-vpc-network",
            "network_policy": [
              {
                "enabled": false,
                "provider": "PROVIDER_UNSPECIFIED"
              }
            ],
            "networking_mode": "ROUTES",
            "node_config": [],
            "node_locations": [],
            "node_pool": [],
            "node_pool_defaults": [
              {
                "node_config_defaults": [
                  {
                    "logging_variant": "DEFAULT"
                  }
                ]
              }
            ],
            "node_version": "1.26.5-gke.1200",
            "notification_config": [
              {
                "pubsub": [
                  {
                    "enabled": false,
                    "filter": [],
                    "topic": ""
                  }
                ]
              }
            ],
            "operation": null,
            "private_cluster_config": [
              {
                "enable_private_endpoint": false,
                "enable_private_nodes": false,
                "master_global_access_config": [
                  {
                    "enabled": false
                  }
                ],
                "master_ipv4_cidr_block": "",
                "peering_name": "",
                "private_endpoint": "10.0.0.2",
                "private_endpoint_subnetwork": "",
                "public_endpoint": "34.127.124.186"
              }
            ],
            "private_ipv6_google_access": "",
            "project": "ducpham-gcp-practice",
            "release_channel": [
              {
                "channel": "REGULAR"
              }
            ],
            "remove_default_node_pool": true,
            "resource_labels": null,
            "resource_usage_export_config": [],
            "security_posture_config": [
              {
                "mode": "MODE_UNSPECIFIED",
                "vulnerability_mode": "VULNERABILITY_MODE_UNSPECIFIED"
              }
            ],
            "self_link": "https://container.googleapis.com/v1/projects/ducpham-gcp-practice/zones/us-west1-a/clusters/ducpham-gke-cluster",
            "service_external_ips_config": [
              {
                "enabled": false
              }
            ],
            "services_ipv4_cidr": "10.167.240.0/20",
            "subnetwork": "projects/ducpham-gcp-practice/regions/us-west1/subnetworks/ducpham-gcp-practice-subnet-network-us-west1-1",
            "timeouts": {
              "create": "30m",
              "delete": "30m",
              "read": null,
              "update": "30m"
            },
            "tpu_ipv4_cidr_block": "",
            "vertical_pod_autoscaling": [],
            "workload_identity_config": []
          },
          "sensitive_attributes": [],
          "private": "eyJlMmJmYjczMC1lY2FhLTExZTYtOGY4OC0zNDM2M2JjN2M0YzAiOnsiY3JlYXRlIjoxODAwMDAwMDAwMDAwLCJkZWxldGUiOjE4MDAwMDAwMDAwMDAsInJlYWQiOjI0MDAwMDAwMDAwMDAsInVwZGF0ZSI6MTgwMDAwMDAwMDAwMH0sInNjaGVtYV92ZXJzaW9uIjoiMSJ9",
          "dependencies": [
            "google_compute_network.vpc_network",
            "google_compute_subnetwork.subnet_network-1"
          ]
        }
      ]
    },
    {
      "module": "module.microservice_staging",
      "mode": "managed",
      "type": "google_container_node_pool",
      "name": "primary_preemptible_nodes",
      "provider": "provider[\"registry.terraform.io/hashicorp/google\"]",
      "instances": [
        {
          "schema_version": 1,
          "attributes": {
            "autoscaling": [],
            "cluster": "ducpham-gke-cluster",
            "id": "projects/ducpham-gcp-practice/locations/us-west1-a/clusters/ducpham-gke-cluster/nodePools/node-pool-test",
            "initial_node_count": 1,
            "instance_group_urls": [
              "https://www.googleapis.com/compute/v1/projects/ducpham-gcp-practice/zones/us-west1-a/instanceGroupManagers/gke-ducpham-gke-cluste-node-pool-test-0bc03110-grp"
            ],
            "location": "us-west1-a",
            "managed_instance_group_urls": [
              "https://www.googleapis.com/compute/v1/projects/ducpham-gcp-practice/zones/us-west1-a/instanceGroups/gke-ducpham-gke-cluste-node-pool-test-0bc03110-grp"
            ],
            "management": [
              {
                "auto_repair": true,
                "auto_upgrade": true
              }
            ],
            "max_pods_per_node": null,
            "name": "node-pool-test",
            "name_prefix": "",
            "network_config": [
              {
                "create_pod_range": false,
                "enable_private_nodes": false,
                "pod_cidr_overprovision_config": [],
                "pod_ipv4_cidr_block": "",
                "pod_range": ""
              }
            ],
            "node_config": [
              {
                "advanced_machine_features": [],
                "boot_disk_kms_key": "",
                "disk_size_gb": 10,
                "disk_type": "pd-balanced",
                "ephemeral_storage_local_ssd_config": [],
                "gcfs_config": [],
                "guest_accelerator": [],
                "gvnic": [],
                "image_type": "COS_CONTAINERD",
                "kubelet_config": [],
                "labels": {},
                "linux_node_config": [],
                "local_nvme_ssd_block_config": [],
                "local_ssd_count": 0,
                "logging_variant": "DEFAULT",
                "machine_type": "n1-standard-1",
                "metadata": {
                  "disable-legacy-endpoints": "true"
                },
                "min_cpu_platform": "",
                "node_group": "",
                "oauth_scopes": [
                  "https://www.googleapis.com/auth/cloud-platform"
                ],
                "preemptible": true,
                "reservation_affinity": [],
                "resource_labels": null,
                "service_account": "default",
                "shielded_instance_config": [
                  {
                    "enable_integrity_monitoring": true,
                    "enable_secure_boot": false
                  }
                ],
                "sole_tenant_config": [],
                "spot": false,
                "tags": null,
                "taint": [],
                "workload_metadata_config": []
              }
            ],
            "node_count": 1,
            "node_locations": [
              "us-west1-a"
            ],
            "operation": null,
            "placement_policy": [],
            "project": "ducpham-gcp-practice",
            "timeouts": null,
            "upgrade_settings": [
              {
                "blue_green_settings": [],
                "max_surge": 1,
                "max_unavailable": 0,
                "strategy": "SURGE"
              }
            ],
            "version": "1.26.5-gke.1200"
          },
          "sensitive_attributes": [],
          "private": "eyJlMmJmYjczMC1lY2FhLTExZTYtOGY4OC0zNDM2M2JjN2M0YzAiOnsiY3JlYXRlIjoxODAwMDAwMDAwMDAwLCJkZWxldGUiOjE4MDAwMDAwMDAwMDAsInVwZGF0ZSI6MTgwMDAwMDAwMDAwMH0sInNjaGVtYV92ZXJzaW9uIjoiMSJ9",
          "dependencies": [
            "google_compute_network.vpc_network",
            "google_compute_subnetwork.subnet_network-1",
            "module.microservice_staging.google_container_cluster.primary"
          ]
        }
      ]
    },
    {
      "module": "module.microservice_staging",
      "mode": "managed",
      "type": "google_redis_instance",
      "name": "primary-redis-cache",
      "provider": "provider[\"registry.terraform.io/hashicorp/google\"]",
      "instances": [
        {
          "schema_version": 0,
          "attributes": {
            "alternative_location_id": "",
            "auth_enabled": false,
            "auth_string": "",
            "authorized_network": "projects/ducpham-gcp-practice/global/networks/ducpham-gcp-practice-vpc-network",
            "connect_mode": "DIRECT_PEERING",
            "create_time": "2023-07-07T06:18:51.154071130Z",
            "current_location_id": "us-west1-a",
            "customer_managed_key": "",
            "display_name": "",
            "host": "10.109.23.35",
            "id": "projects/ducpham-gcp-practice/locations/us-west1/instances/ducpham-redis-instance",
            "labels": null,
            "location_id": "us-west1-a",
            "maintenance_policy": [],
            "maintenance_schedule": [],
            "memory_size_gb": 1,
            "name": "ducpham-redis-instance",
            "nodes": [
              {
                "id": "node-0",
                "zone": "us-west1-a"
              }
            ],
            "persistence_config": [
              {
                "persistence_mode": "DISABLED",
                "rdb_next_snapshot_time": "",
                "rdb_snapshot_period": "",
                "rdb_snapshot_start_time": ""
              }
            ],
            "persistence_iam_identity": "serviceAccount:service-275143720803@cloud-redis.iam.gserviceaccount.com",
            "port": 6379,
            "project": "ducpham-gcp-practice",
            "read_endpoint": "",
            "read_endpoint_port": 0,
            "read_replicas_mode": "READ_REPLICAS_DISABLED",
            "redis_configs": null,
            "redis_version": "REDIS_6_X",
            "region": "us-west1",
            "replica_count": 0,
            "reserved_ip_range": null,
            "secondary_ip_range": "",
            "server_ca_certs": [],
            "tier": "BASIC",
            "timeouts": null,
            "transit_encryption_mode": "DISABLED"
          },
          "sensitive_attributes": [],
          "private": "eyJlMmJmYjczMC1lY2FhLTExZTYtOGY4OC0zNDM2M2JjN2M0YzAiOnsiY3JlYXRlIjoxMjAwMDAwMDAwMDAwLCJkZWxldGUiOjEyMDAwMDAwMDAwMDAsInVwZGF0ZSI6MTIwMDAwMDAwMDAwMH19",
          "dependencies": [
            "google_compute_network.vpc_network"
          ]
        }
      ]
    },
    {
      "module": "module.microservice_staging",
      "mode": "managed",
      "type": "google_storage_bucket",
      "name": "primary-storage-bucket",
      "provider": "provider[\"registry.terraform.io/hashicorp/google\"]",
      "instances": [
        {
          "schema_version": 0,
          "attributes": {
            "autoclass": [],
            "cors": [],
            "custom_placement_config": [],
            "default_event_based_hold": false,
            "encryption": [],
            "force_destroy": true,
            "id": "ducpham-cloud-storage-bucket",
            "labels": {},
            "lifecycle_rule": [
              {
                "action": [
                  {
                    "storage_class": "NEARLINE",
                    "type": "SetStorageClass"
                  }
                ],
                "condition": [
                  {
                    "age": 3,
                    "created_before": "",
                    "custom_time_before": "",
                    "days_since_custom_time": 0,
                    "days_since_noncurrent_time": 0,
                    "matches_prefix": [],
                    "matches_storage_class": [],
                    "matches_suffix": [],
                    "noncurrent_time_before": "",
                    "num_newer_versions": 0,
                    "with_state": "ANY"
                  }
                ]
              }
            ],
            "location": "US-WEST1",
            "logging": [],
            "name": "ducpham-cloud-storage-bucket",
            "project": "ducpham-gcp-practice",
            "public_access_prevention": "inherited",
            "requester_pays": false,
            "retention_policy": [],
            "self_link": "https://www.googleapis.com/storage/v1/b/ducpham-cloud-storage-bucket",
            "storage_class": "STANDARD",
            "timeouts": null,
            "uniform_bucket_level_access": true,
            "url": "gs://ducpham-cloud-storage-bucket",
            "versioning": [
              {
                "enabled": true
              }
            ],
            "website": []
          },
          "sensitive_attributes": [],
          "private": "eyJlMmJmYjczMC1lY2FhLTExZTYtOGY4OC0zNDM2M2JjN2M0YzAiOnsiY3JlYXRlIjo2MDAwMDAwMDAwMDAsInJlYWQiOjI0MDAwMDAwMDAwMCwidXBkYXRlIjoyNDAwMDAwMDAwMDB9fQ=="
        }
      ]
    }
  ],
  "check_results": null
}
