{
  "version": 4,
  "terraform_version": "1.5.1",
  "serial": 49,
  "lineage": "21a01a12-646d-246b-529d-081de23f4756",
  "outputs": {},
  "resources": [
    {
      "mode": "managed",
      "type": "google_compute_network",
      "name": "vpc_network",
      "provider": "provider[\"registry.terraform.io/hashicorp/google\"]",
      "instances": [
        {
          "schema_version": 0,
          "attributes": {
            "auto_create_subnetworks": false,
            "delete_default_routes_on_create": false,
            "description": "",
            "enable_ula_internal_ipv6": false,
            "gateway_ipv4": "",
            "id": "projects/ducpham-gcp-practice/global/networks/ducpham-gcp-practice-vpc-network",
            "internal_ipv6_range": "",
            "mtu": 0,
            "name": "ducpham-gcp-practice-vpc-network",
            "network_firewall_policy_enforcement_order": "AFTER_CLASSIC_FIREWALL",
            "project": "ducpham-gcp-practice",
            "routing_mode": "REGIONAL",
            "self_link": "https://www.googleapis.com/compute/v1/projects/ducpham-gcp-practice/global/networks/ducpham-gcp-practice-vpc-network",
            "timeouts": null
          },
          "sensitive_attributes": [],
          "private": "eyJlMmJmYjczMC1lY2FhLTExZTYtOGY4OC0zNDM2M2JjN2M0YzAiOnsiY3JlYXRlIjoxMjAwMDAwMDAwMDAwLCJkZWxldGUiOjEyMDAwMDAwMDAwMDAsInVwZGF0ZSI6MTIwMDAwMDAwMDAwMH19"
        }
      ]
    },
    {
      "mode": "managed",
      "type": "google_compute_subnetwork",
      "name": "subnet_network-1",
      "provider": "provider[\"registry.terraform.io/hashicorp/google\"]",
      "instances": [
        {
          "schema_version": 0,
          "attributes": {
            "creation_timestamp": "2023-07-06T23:15:45.778-07:00",
            "description": "",
            "external_ipv6_prefix": "",
            "fingerprint": null,
            "gateway_address": "10.0.0.1",
            "id": "projects/ducpham-gcp-practice/regions/us-west1/subnetworks/ducpham-gcp-practice-subnet-network-us-west1-1",
            "ip_cidr_range": "10.0.0.0/28",
            "ipv6_access_type": "",
            "ipv6_cidr_range": "",
            "log_config": [],
            "name": "ducpham-gcp-practice-subnet-network-us-west1-1",
            "network": "https://www.googleapis.com/compute/v1/projects/ducpham-gcp-practice/global/networks/ducpham-gcp-practice-vpc-network",
            "private_ip_google_access": false,
            "private_ipv6_google_access": "DISABLE_GOOGLE_ACCESS",
            "project": "ducpham-gcp-practice",
            "purpose": "PRIVATE",
            "region": "us-west1",
            "role": "",
            "secondary_ip_range": [],
            "self_link": "https://www.googleapis.com/compute/v1/projects/ducpham-gcp-practice/regions/us-west1/subnetworks/ducpham-gcp-practice-subnet-network-us-west1-1",
            "stack_type": "IPV4_ONLY",
            "timeouts": null
          },
          "sensitive_attributes": [],
          "private": "eyJlMmJmYjczMC1lY2FhLTExZTYtOGY4OC0zNDM2M2JjN2M0YzAiOnsiY3JlYXRlIjoxMjAwMDAwMDAwMDAwLCJkZWxldGUiOjEyMDAwMDAwMDAwMDAsInVwZGF0ZSI6MTIwMDAwMDAwMDAwMH19",
          "dependencies": [
            "google_compute_network.vpc_network"
          ]
        }
      ]
    },
    {
      "module": "module.microservice_staging",
      "mode": "managed",
      "type": "google_container_node_pool",
      "name": "primary_preemptible_nodes",
      "provider": "provider[\"registry.terraform.io/hashicorp/google\"]",
      "instances": []
    }
  ],
  "check_results": null
}
